
Microsoft Visual Studio Solution File, Format Version 12.00
# Visual Studio Version 17
VisualStudioVersion = 17.6.33829.357
MinimumVisualStudioVersion = 10.0.40219.1
Project("{FAE04EC0-301F-11D3-BF4B-00C04F79EFBC}") = "Assembly-CSharp", "Assembly-CSharp.csproj", "{0851A307-3AB8-3BF7-BAB7-B9D1B2432C06}"
EndProject
Project("{9A19103F-16F7-4668-BE54-9A1E7A4F7556}") = "RenSharpConsole", "RenSharpConsole\RenSharpConsole.csproj", "{DC5EB352-5DBF-4A3E-A579-0B510DB0A8C1}"
EndProject
Project("{9A19103F-16F7-4668-BE54-9A1E7A4F7556}") = "RSTests", "RSTests\RSTests.csproj", "{9CF1ADF7-E69B-4C7E-AEBA-58EF3D3525CB}"
EndProject
Project("{9A19103F-16F7-4668-BE54-9A1E7A4F7556}") = "RenSharp", "Assets\Scripts\RenSharp.csproj", "{1D186AA2-7598-4CFF-A3C4-C01E74A34AC2}"
EndProject
Global
	GlobalSection(SolutionConfigurationPlatforms) = preSolution
		Debug|Any CPU = Debug|Any CPU
		Release|Any CPU = Release|Any CPU
	EndGlobalSection
	GlobalSection(ProjectConfigurationPlatforms) = postSolution
		{0851A307-3AB8-3BF7-BAB7-B9D1B2432C06}.Debug|Any CPU.ActiveCfg = Debug|Any CPU
		{0851A307-3AB8-3BF7-BAB7-B9D1B2432C06}.Debug|Any CPU.Build.0 = Debug|Any CPU
		{0851A307-3AB8-3BF7-BAB7-B9D1B2432C06}.Release|Any CPU.ActiveCfg = Release|Any CPU
		{0851A307-3AB8-3BF7-BAB7-B9D1B2432C06}.Release|Any CPU.Build.0 = Release|Any CPU
		{DC5EB352-5DBF-4A3E-A579-0B510DB0A8C1}.Debug|Any CPU.ActiveCfg = Debug|Any CPU
		{DC5EB352-5DBF-4A3E-A579-0B510DB0A8C1}.Debug|Any CPU.Build.0 = Debug|Any CPU
		{DC5EB352-5DBF-4A3E-A579-0B510DB0A8C1}.Release|Any CPU.ActiveCfg = Release|Any CPU
		{DC5EB352-5DBF-4A3E-A579-0B510DB0A8C1}.Release|Any CPU.Build.0 = Release|Any CPU
		{9CF1ADF7-E69B-4C7E-AEBA-58EF3D3525CB}.Debug|Any CPU.ActiveCfg = Debug|Any CPU
		{9CF1ADF7-E69B-4C7E-AEBA-58EF3D3525CB}.Debug|Any CPU.Build.0 = Debug|Any CPU
		{9CF1ADF7-E69B-4C7E-AEBA-58EF3D3525CB}.Release|Any CPU.ActiveCfg = Release|Any CPU
		{9CF1ADF7-E69B-4C7E-AEBA-58EF3D3525CB}.Release|Any CPU.Build.0 = Release|Any CPU
		{1D186AA2-7598-4CFF-A3C4-C01E74A34AC2}.Debug|Any CPU.ActiveCfg = Debug|Any CPU
		{1D186AA2-7598-4CFF-A3C4-C01E74A34AC2}.Debug|Any CPU.Build.0 = Debug|Any CPU
		{1D186AA2-7598-4CFF-A3C4-C01E74A34AC2}.Release|Any CPU.ActiveCfg = Release|Any CPU
		{1D186AA2-7598-4CFF-A3C4-C01E74A34AC2}.Release|Any CPU.Build.0 = Release|Any CPU
	EndGlobalSection
	GlobalSection(SolutionProperties) = preSolution
		HideSolutionNode = FALSE
	EndGlobalSection
	GlobalSection(ExtensibilityGlobals) = postSolution
		SolutionGuid = {91767656-3114-4180-BEBA-B59A7A290C0E}
	EndGlobalSection
EndGlobal
