
Microsoft Visual Studio Solution File, Format Version 12.00
# Visual Studio Version 17
VisualStudioVersion = 17.6.33829.357
MinimumVisualStudioVersion = 10.0.40219.1
Project("{FAE04EC0-301F-11D3-BF4B-00C04F79EFBC}") = "RenSharp", "RenSharp\RenSharp.csproj", "{0F891FDD-27CF-4E4A-A3AE-F9BE45B7518A}"
EndProject
Project("{FAE04EC0-301F-11D3-BF4B-00C04F79EFBC}") = "RenSharpClient", "RenSharpClient\RenSharpClient.csproj", "{6D1F5CA1-8DE7-4829-932D-D14C1F7EBA01}"
EndProject
Global
	GlobalSection(SolutionConfigurationPlatforms) = preSolution
		Debug|Any CPU = Debug|Any CPU
		Release|Any CPU = Release|Any CPU
	EndGlobalSection
	GlobalSection(ProjectConfigurationPlatforms) = postSolution
		{0F891FDD-27CF-4E4A-A3AE-F9BE45B7518A}.Debug|Any CPU.ActiveCfg = Debug|Any CPU
		{0F891FDD-27CF-4E4A-A3AE-F9BE45B7518A}.Debug|Any CPU.Build.0 = Debug|Any CPU
		{0F891FDD-27CF-4E4A-A3AE-F9BE45B7518A}.Release|Any CPU.ActiveCfg = Release|Any CPU
		{0F891FDD-27CF-4E4A-A3AE-F9BE45B7518A}.Release|Any CPU.Build.0 = Release|Any CPU
		{6D1F5CA1-8DE7-4829-932D-D14C1F7EBA01}.Debug|Any CPU.ActiveCfg = Debug|Any CPU
		{6D1F5CA1-8DE7-4829-932D-D14C1F7EBA01}.Debug|Any CPU.Build.0 = Debug|Any CPU
		{6D1F5CA1-8DE7-4829-932D-D14C1F7EBA01}.Release|Any CPU.ActiveCfg = Release|Any CPU
		{6D1F5CA1-8DE7-4829-932D-D14C1F7EBA01}.Release|Any CPU.Build.0 = Release|Any CPU
	EndGlobalSection
	GlobalSection(SolutionProperties) = preSolution
		HideSolutionNode = FALSE
	EndGlobalSection
	GlobalSection(ExtensibilityGlobals) = postSolution
		SolutionGuid = {FC86A7D3-FFCA-4BFB-B098-4E6EB9B49A69}
	EndGlobalSection
EndGlobal
